<?xml version="1.0" encoding="utf-8"?>
<Project ToolsVersion="4.0" xmlns="http://schemas.microsoft.com/developer/msbuild/2003">
  <ItemGroup>
    <Filter Include="Vendor">
      <UniqueIdentifier>{935FDCD7-7F01-07AE-68BC-1A0254FD8DFE}</UniqueIdentifier>
    </Filter>
    <Filter Include="Vendor\ImGui">
      <UniqueIdentifier>{FDF620D0-E959-B074-92DF-E82A7E217CF7}</UniqueIdentifier>
    </Filter>
  </ItemGroup>
  <ItemGroup>
    <ClInclude Include="Source\Console.h" />
    <ClInclude Include="Source\Devices.h" />
    <ClInclude Include="Source\GUI.h" />
    <ClInclude Include="Source\Global.h" />
    <ClInclude Include="Source\Input.h" />
    <ClInclude Include="Source\Vector2D.h" />
    <ClInclude Include="Source\Vector3D.h" />
    <ClInclude Include="Source\Vendor\ImGui\imconfig.h">
      <Filter>Vendor\ImGui</Filter>
    </ClInclude>
    <ClInclude Include="Source\Vendor\ImGui\imgui.h">
      <Filter>Vendor\ImGui</Filter>
    </ClInclude>
    <ClInclude Include="Source\Vendor\ImGui\imgui_impl_glfw_gl3.h">
      <Filter>Vendor\ImGui</Filter>
    </ClInclude>
    <ClInclude Include="Source\Vendor\ImGui\imgui_internal.h">
      <Filter>Vendor\ImGui</Filter>
    </ClInclude>
    <ClInclude Include="Source\Vendor\ImGui\imstb_rectpack.h">
      <Filter>Vendor\ImGui</Filter>
    </ClInclude>
    <ClInclude Include="Source\Vendor\ImGui\imstb_textedit.h">
      <Filter>Vendor\ImGui</Filter>
    </ClInclude>
    <ClInclude Include="Source\Vendor\ImGui\imstb_truetype.h">
      <Filter>Vendor\ImGui</Filter>
    </ClInclude>
    <ClInclude Include="Source\Window.h" />
    <ClInclude Include="Source\Config.h" />
  </ItemGroup>
  <ItemGroup>
    <ClCompile Include="Source\Application.cpp" />
    <ClCompile Include="Source\Console.cpp" />
    <ClCompile Include="Source\Devices.cpp" />
    <ClCompile Include="Source\GUI.cpp" />
    <ClCompile Include="Source\Global.cpp" />
    <ClCompile Include="Source\Input.cpp" />
    <ClCompile Include="Source\Vendor\ImGui\imgui.cpp">
      <Filter>Vendor\ImGui</Filter>
    </ClCompile>
    <ClCompile Include="Source\Vendor\ImGui\imgui_demo.cpp">
      <Filter>Vendor\ImGui</Filter>
    </ClCompile>
    <ClCompile Include="Source\Vendor\ImGui\imgui_draw.cpp">
      <Filter>Vendor\ImGui</Filter>
    </ClCompile>
    <ClCompile Include="Source\Vendor\ImGui\imgui_impl_glfw_gl3.cpp">
      <Filter>Vendor\ImGui</Filter>
    </ClCompile>
    <ClCompile Include="Source\Vendor\ImGui\imgui_widgets.cpp">
      <Filter>Vendor\ImGui</Filter>
    </ClCompile>
    <ClCompile Include="Source\Window.cpp" />
    <ClCompile Include="Source\Config.cpp" />
  </ItemGroup>
</Project>